
Microsoft Visual Studio Solution File, Format Version 12.00
# Visual Studio Version 17
VisualStudioVersion = 17.11.35208.52
MinimumVisualStudioVersion = 10.0.40219.1
Project("{FAE04EC0-301F-11D3-BF4B-00C04F79EFBC}") = "Web_login", "Web_login\Web_login.csproj", "{0B66EF0F-7A25-4FB7-B3B9-A5A435FBABC2}"
EndProject
Global
	GlobalSection(SolutionConfigurationPlatforms) = preSolution
		Debug|Any CPU = Debug|Any CPU
		Release|Any CPU = Release|Any CPU
	EndGlobalSection
	GlobalSection(ProjectConfigurationPlatforms) = postSolution
		{0B66EF0F-7A25-4FB7-B3B9-A5A435FBABC2}.Debug|Any CPU.ActiveCfg = Debug|Any CPU
		{0B66EF0F-7A25-4FB7-B3B9-A5A435FBABC2}.Debug|Any CPU.Build.0 = Debug|Any CPU
		{0B66EF0F-7A25-4FB7-B3B9-A5A435FBABC2}.Release|Any CPU.ActiveCfg = Release|Any CPU
		{0B66EF0F-7A25-4FB7-B3B9-A5A435FBABC2}.Release|Any CPU.Build.0 = Release|Any CPU
	EndGlobalSection
	GlobalSection(SolutionProperties) = preSolution
		HideSolutionNode = FALSE
	EndGlobalSection
	GlobalSection(ExtensibilityGlobals) = postSolution
		SolutionGuid = {1C73879E-1C7C-45F7-9667-1B64AE693489}
	EndGlobalSection
EndGlobal
